{
  "name": "InterviewProblems",
  "version": "1.0.0",
  "lockfileVersion": 3,
  "requires": true,
  "packages": {
    "": {
      "name": "InterviewProblems",
      "version": "1.0.0",
      "devDependencies": {
        "number": "^0.0.1"
      }
    },
    "node_modules/number": {
      "version": "0.0.1",
      "resolved": "https://registry.npmjs.org/number/-/number-0.0.1.tgz",
      "integrity": "sha512-bHmIRryQiIeKBu/I9bQHfa19fupycW+dePkH9pCTxGNQROTcOT17q2UYFpViAkv6xTq/0Y7FhonO93OwqSPriQ==",
      "dev": true
    }
  }
}
